
Microsoft Visual Studio Solution File, Format Version 12.00
# Visual Studio Version 17
VisualStudioVersion = 17.0.31903.59
MinimumVisualStudioVersion = 10.0.40219.1
Project("{2150E333-8FDC-42A3-9474-1A3956D46DE8}") = "src", "src", "{827E0CD3-B72D-47B6-A68D-7590B98EB39B}"
EndProject
Project("{FAE04EC0-301F-11D3-BF4B-00C04F79EFBC}") = "CodeGuard.Agent", "src\CodeGuard.Agent\CodeGuard.Agent.csproj", "{E02BFBB6-7BE0-494A-9F66-241195D2B578}"
EndProject
Project("{FAE04EC0-301F-11D3-BF4B-00C04F79EFBC}") = "CodeGuard.Core", "src\CodeGuard.Core\CodeGuard.Core.csproj", "{FF2EEEAD-C4AE-4C9D-96D2-8667499F749C}"
EndProject
Project("{FAE04EC0-301F-11D3-BF4B-00C04F79EFBC}") = "CodeGuard.McpServer", "src\CodeGuard.McpServer\CodeGuard.McpServer.csproj", "{0BD9FDA5-E67B-4535-9EA6-5CA4BDBECD9B}"
EndProject
Project("{2150E333-8FDC-42A3-9474-1A3956D46DE8}") = "tests", "tests", "{0AB3BF05-4346-4AA6-1389-037BE0695223}"
EndProject
Project("{FAE04EC0-301F-11D3-BF4B-00C04F79EFBC}") = "CodeGuard.Core.Tests", "tests\CodeGuard.Core.Tests\CodeGuard.Core.Tests.csproj", "{DF7E8699-4A18-43E4-81F7-85C4C3DE9047}"
EndProject
Global
	GlobalSection(SolutionConfigurationPlatforms) = preSolution
		Debug|Any CPU = Debug|Any CPU
		Debug|x64 = Debug|x64
		Debug|x86 = Debug|x86
		Release|Any CPU = Release|Any CPU
		Release|x64 = Release|x64
		Release|x86 = Release|x86
	EndGlobalSection
	GlobalSection(ProjectConfigurationPlatforms) = postSolution
		{E02BFBB6-7BE0-494A-9F66-241195D2B578}.Debug|Any CPU.ActiveCfg = Debug|Any CPU
		{E02BFBB6-7BE0-494A-9F66-241195D2B578}.Debug|Any CPU.Build.0 = Debug|Any CPU
		{E02BFBB6-7BE0-494A-9F66-241195D2B578}.Debug|x64.ActiveCfg = Debug|Any CPU
		{E02BFBB6-7BE0-494A-9F66-241195D2B578}.Debug|x64.Build.0 = Debug|Any CPU
		{E02BFBB6-7BE0-494A-9F66-241195D2B578}.Debug|x86.ActiveCfg = Debug|Any CPU
		{E02BFBB6-7BE0-494A-9F66-241195D2B578}.Debug|x86.Build.0 = Debug|Any CPU
		{E02BFBB6-7BE0-494A-9F66-241195D2B578}.Release|Any CPU.ActiveCfg = Release|Any CPU
		{E02BFBB6-7BE0-494A-9F66-241195D2B578}.Release|Any CPU.Build.0 = Release|Any CPU
		{E02BFBB6-7BE0-494A-9F66-241195D2B578}.Release|x64.ActiveCfg = Release|Any CPU
		{E02BFBB6-7BE0-494A-9F66-241195D2B578}.Release|x64.Build.0 = Release|Any CPU
		{E02BFBB6-7BE0-494A-9F66-241195D2B578}.Release|x86.ActiveCfg = Release|Any CPU
		{E02BFBB6-7BE0-494A-9F66-241195D2B578}.Release|x86.Build.0 = Release|Any CPU
		{FF2EEEAD-C4AE-4C9D-96D2-8667499F749C}.Debug|Any CPU.ActiveCfg = Debug|Any CPU
		{FF2EEEAD-C4AE-4C9D-96D2-8667499F749C}.Debug|Any CPU.Build.0 = Debug|Any CPU
		{FF2EEEAD-C4AE-4C9D-96D2-8667499F749C}.Debug|x64.ActiveCfg = Debug|Any CPU
		{FF2EEEAD-C4AE-4C9D-96D2-8667499F749C}.Debug|x64.Build.0 = Debug|Any CPU
		{FF2EEEAD-C4AE-4C9D-96D2-8667499F749C}.Debug|x86.ActiveCfg = Debug|Any CPU
		{FF2EEEAD-C4AE-4C9D-96D2-8667499F749C}.Debug|x86.Build.0 = Debug|Any CPU
		{FF2EEEAD-C4AE-4C9D-96D2-8667499F749C}.Release|Any CPU.ActiveCfg = Release|Any CPU
		{FF2EEEAD-C4AE-4C9D-96D2-8667499F749C}.Release|Any CPU.Build.0 = Release|Any CPU
		{FF2EEEAD-C4AE-4C9D-96D2-8667499F749C}.Release|x64.ActiveCfg = Release|Any CPU
		{FF2EEEAD-C4AE-4C9D-96D2-8667499F749C}.Release|x64.Build.0 = Release|Any CPU
		{FF2EEEAD-C4AE-4C9D-96D2-8667499F749C}.Release|x86.ActiveCfg = Release|Any CPU
		{FF2EEEAD-C4AE-4C9D-96D2-8667499F749C}.Release|x86.Build.0 = Release|Any CPU
		{0BD9FDA5-E67B-4535-9EA6-5CA4BDBECD9B}.Debug|Any CPU.ActiveCfg = Debug|Any CPU
		{0BD9FDA5-E67B-4535-9EA6-5CA4BDBECD9B}.Debug|Any CPU.Build.0 = Debug|Any CPU
		{0BD9FDA5-E67B-4535-9EA6-5CA4BDBECD9B}.Debug|x64.ActiveCfg = Debug|Any CPU
		{0BD9FDA5-E67B-4535-9EA6-5CA4BDBECD9B}.Debug|x64.Build.0 = Debug|Any CPU
		{0BD9FDA5-E67B-4535-9EA6-5CA4BDBECD9B}.Debug|x86.ActiveCfg = Debug|Any CPU
		{0BD9FDA5-E67B-4535-9EA6-5CA4BDBECD9B}.Debug|x86.Build.0 = Debug|Any CPU
		{0BD9FDA5-E67B-4535-9EA6-5CA4BDBECD9B}.Release|Any CPU.ActiveCfg = Release|Any CPU
		{0BD9FDA5-E67B-4535-9EA6-5CA4BDBECD9B}.Release|Any CPU.Build.0 = Release|Any CPU
		{0BD9FDA5-E67B-4535-9EA6-5CA4BDBECD9B}.Release|x64.ActiveCfg = Release|Any CPU
		{0BD9FDA5-E67B-4535-9EA6-5CA4BDBECD9B}.Release|x64.Build.0 = Release|Any CPU
		{0BD9FDA5-E67B-4535-9EA6-5CA4BDBECD9B}.Release|x86.ActiveCfg = Release|Any CPU
		{0BD9FDA5-E67B-4535-9EA6-5CA4BDBECD9B}.Release|x86.Build.0 = Release|Any CPU
		{DF7E8699-4A18-43E4-81F7-85C4C3DE9047}.Debug|Any CPU.ActiveCfg = Debug|Any CPU
		{DF7E8699-4A18-43E4-81F7-85C4C3DE9047}.Debug|Any CPU.Build.0 = Debug|Any CPU
		{DF7E8699-4A18-43E4-81F7-85C4C3DE9047}.Debug|x64.ActiveCfg = Debug|Any CPU
		{DF7E8699-4A18-43E4-81F7-85C4C3DE9047}.Debug|x64.Build.0 = Debug|Any CPU
		{DF7E8699-4A18-43E4-81F7-85C4C3DE9047}.Debug|x86.ActiveCfg = Debug|Any CPU
		{DF7E8699-4A18-43E4-81F7-85C4C3DE9047}.Debug|x86.Build.0 = Debug|Any CPU
		{DF7E8699-4A18-43E4-81F7-85C4C3DE9047}.Release|Any CPU.ActiveCfg = Release|Any CPU
		{DF7E8699-4A18-43E4-81F7-85C4C3DE9047}.Release|Any CPU.Build.0 = Release|Any CPU
		{DF7E8699-4A18-43E4-81F7-85C4C3DE9047}.Release|x64.ActiveCfg = Release|Any CPU
		{DF7E8699-4A18-43E4-81F7-85C4C3DE9047}.Release|x64.Build.0 = Release|Any CPU
		{DF7E8699-4A18-43E4-81F7-85C4C3DE9047}.Release|x86.ActiveCfg = Release|Any CPU
		{DF7E8699-4A18-43E4-81F7-85C4C3DE9047}.Release|x86.Build.0 = Release|Any CPU
	EndGlobalSection
	GlobalSection(SolutionProperties) = preSolution
		HideSolutionNode = FALSE
	EndGlobalSection
	GlobalSection(NestedProjects) = preSolution
		{E02BFBB6-7BE0-494A-9F66-241195D2B578} = {827E0CD3-B72D-47B6-A68D-7590B98EB39B}
		{FF2EEEAD-C4AE-4C9D-96D2-8667499F749C} = {827E0CD3-B72D-47B6-A68D-7590B98EB39B}
		{0BD9FDA5-E67B-4535-9EA6-5CA4BDBECD9B} = {827E0CD3-B72D-47B6-A68D-7590B98EB39B}
		{DF7E8699-4A18-43E4-81F7-85C4C3DE9047} = {0AB3BF05-4346-4AA6-1389-037BE0695223}
	EndGlobalSection
EndGlobal
